// !$*UTF8*$!
{
	archiveVersion = 1;
	classes = {
	};
	objectVersion = 50;
	objects = {

/* Begin PBXBuildFile section */
		2CBA416E4F0EA317E9D61620 /* Pods_locationv2_locationv2UITests.framework in Frameworks */ = {isa = PBXBuildFile; fileRef = FA12AAF63BB3009897AA27EA /* Pods_locationv2_locationv2UITests.framework */; };
		767E8ED7EC80B8BBA2C7E892 /* Pods_locationv2Tests.framework in Frameworks */ = {isa = PBXBuildFile; fileRef = 75CBE7EEE109091BBF34BE14 /* Pods_locationv2Tests.framework */; };
		AA49925F24FAE6A9008301A2 /* AppDelegate.swift in Sources */ = {isa = PBXBuildFile; fileRef = AA49925E24FAE6A9008301A2 /* AppDelegate.swift */; };
		AA49926124FAE6A9008301A2 /* SceneDelegate.swift in Sources */ = {isa = PBXBuildFile; fileRef = AA49926024FAE6A9008301A2 /* SceneDelegate.swift */; };
		AA49926624FAE6A9008301A2 /* Main.storyboard in Resources */ = {isa = PBXBuildFile; fileRef = AA49926424FAE6A9008301A2 /* Main.storyboard */; };
		AA49926824FAE6AC008301A2 /* Assets.xcassets in Resources */ = {isa = PBXBuildFile; fileRef = AA49926724FAE6AC008301A2 /* Assets.xcassets */; };
		AA49926B24FAE6AC008301A2 /* LaunchScreen.storyboard in Resources */ = {isa = PBXBuildFile; fileRef = AA49926924FAE6AC008301A2 /* LaunchScreen.storyboard */; };
		AA49927624FAE6AD008301A2 /* locationv2Tests.swift in Sources */ = {isa = PBXBuildFile; fileRef = AA49927524FAE6AD008301A2 /* locationv2Tests.swift */; };
		AA49928124FAE6AD008301A2 /* locationv2UITests.swift in Sources */ = {isa = PBXBuildFile; fileRef = AA49928024FAE6AD008301A2 /* locationv2UITests.swift */; };
		AA4992B524FB2F97008301A2 /* locationv2.xcdatamodeld in Sources */ = {isa = PBXBuildFile; fileRef = AA4992B324FB2F97008301A2 /* locationv2.xcdatamodeld */; };
		AA4992B724FB3105008301A2 /* CoreData.framework in Frameworks */ = {isa = PBXBuildFile; fileRef = AA4992B624FB3105008301A2 /* CoreData.framework */; };
		AA4992BD24FB3A2B008301A2 /* StoryboardSupport.swift in Sources */ = {isa = PBXBuildFile; fileRef = AA4992BC24FB3A2B008301A2 /* StoryboardSupport.swift */; };
		AA4992BF24FB4EC2008301A2 /* NewViewController.swift in Sources */ = {isa = PBXBuildFile; fileRef = AA4992BE24FB4EC2008301A2 /* NewViewController.swift */; };
		AA4992C324FB5C82008301A2 /* FormatDisplay.swift in Sources */ = {isa = PBXBuildFile; fileRef = AA4992C224FB5C82008301A2 /* FormatDisplay.swift */; };
		AA4992C524FB5CF7008301A2 /* UnitExtensions.swift in Sources */ = {isa = PBXBuildFile; fileRef = AA4992C424FB5CF7008301A2 /* UnitExtensions.swift */; };
		AA4992C724FB64BD008301A2 /* RunViewController.swift in Sources */ = {isa = PBXBuildFile; fileRef = AA4992C624FB64BD008301A2 /* RunViewController.swift */; };
		AA4992C924FB7484008301A2 /* MapKit.framework in Frameworks */ = {isa = PBXBuildFile; fileRef = AA4992C824FB7483008301A2 /* MapKit.framework */; };
		D494275F411586D7A35BA8AF /* Pods_locationv2.framework in Frameworks */ = {isa = PBXBuildFile; fileRef = 3787048C252E85036D43E800 /* Pods_locationv2.framework */; };
/* End PBXBuildFile section */

/* Begin PBXContainerItemProxy section */
		AA49927224FAE6AD008301A2 /* PBXContainerItemProxy */ = {
			isa = PBXContainerItemProxy;
			containerPortal = AA49925324FAE6A9008301A2 /* Project object */;
			proxyType = 1;
			remoteGlobalIDString = AA49925A24FAE6A9008301A2;
			remoteInfo = locationv2;
		};
		AA49927D24FAE6AD008301A2 /* PBXContainerItemProxy */ = {
			isa = PBXContainerItemProxy;
			containerPortal = AA49925324FAE6A9008301A2 /* Project object */;
			proxyType = 1;
			remoteGlobalIDString = AA49925A24FAE6A9008301A2;
			remoteInfo = locationv2;
		};
/* End PBXContainerItemProxy section */

/* Begin PBXFileReference section */
		11BE6B6791C35E894BD3F1EC /* Pods-locationv2Tests.release.xcconfig */ = {isa = PBXFileReference; includeInIndex = 1; lastKnownFileType = text.xcconfig; name = "Pods-locationv2Tests.release.xcconfig"; path = "Target Support Files/Pods-locationv2Tests/Pods-locationv2Tests.release.xcconfig"; sourceTree = "<group>"; };
		2499EDB666259D59A9E22284 /* Pods-locationv2Tests.debug.xcconfig */ = {isa = PBXFileReference; includeInIndex = 1; lastKnownFileType = text.xcconfig; name = "Pods-locationv2Tests.debug.xcconfig"; path = "Target Support Files/Pods-locationv2Tests/Pods-locationv2Tests.debug.xcconfig"; sourceTree = "<group>"; };
		3787048C252E85036D43E800 /* Pods_locationv2.framework */ = {isa = PBXFileReference; explicitFileType = wrapper.framework; includeInIndex = 0; path = Pods_locationv2.framework; sourceTree = BUILT_PRODUCTS_DIR; };
		43ADCD942558A5856726D6A7 /* Pods-locationv2.release.xcconfig */ = {isa = PBXFileReference; includeInIndex = 1; lastKnownFileType = text.xcconfig; name = "Pods-locationv2.release.xcconfig"; path = "Target Support Files/Pods-locationv2/Pods-locationv2.release.xcconfig"; sourceTree = "<group>"; };
		75CBE7EEE109091BBF34BE14 /* Pods_locationv2Tests.framework */ = {isa = PBXFileReference; explicitFileType = wrapper.framework; includeInIndex = 0; path = Pods_locationv2Tests.framework; sourceTree = BUILT_PRODUCTS_DIR; };
		A9A0175C75698DEA603ABBFA /* Pods-locationv2-locationv2UITests.debug.xcconfig */ = {isa = PBXFileReference; includeInIndex = 1; lastKnownFileType = text.xcconfig; name = "Pods-locationv2-locationv2UITests.debug.xcconfig"; path = "Target Support Files/Pods-locationv2-locationv2UITests/Pods-locationv2-locationv2UITests.debug.xcconfig"; sourceTree = "<group>"; };
		AA49925B24FAE6A9008301A2 /* locationv2.app */ = {isa = PBXFileReference; explicitFileType = wrapper.application; includeInIndex = 0; path = locationv2.app; sourceTree = BUILT_PRODUCTS_DIR; };
		AA49925E24FAE6A9008301A2 /* AppDelegate.swift */ = {isa = PBXFileReference; lastKnownFileType = sourcecode.swift; path = AppDelegate.swift; sourceTree = "<group>"; };
		AA49926024FAE6A9008301A2 /* SceneDelegate.swift */ = {isa = PBXFileReference; lastKnownFileType = sourcecode.swift; path = SceneDelegate.swift; sourceTree = "<group>"; };
		AA49926524FAE6A9008301A2 /* Base */ = {isa = PBXFileReference; lastKnownFileType = file.storyboard; name = Base; path = Base.lproj/Main.storyboard; sourceTree = "<group>"; };
		AA49926724FAE6AC008301A2 /* Assets.xcassets */ = {isa = PBXFileReference; lastKnownFileType = folder.assetcatalog; path = Assets.xcassets; sourceTree = "<group>"; };
		AA49926A24FAE6AC008301A2 /* Base */ = {isa = PBXFileReference; lastKnownFileType = file.storyboard; name = Base; path = Base.lproj/LaunchScreen.storyboard; sourceTree = "<group>"; };
		AA49926C24FAE6AC008301A2 /* Info.plist */ = {isa = PBXFileReference; lastKnownFileType = text.plist.xml; path = Info.plist; sourceTree = "<group>"; };
		AA49927124FAE6AD008301A2 /* locationv2Tests.xctest */ = {isa = PBXFileReference; explicitFileType = wrapper.cfbundle; includeInIndex = 0; path = locationv2Tests.xctest; sourceTree = BUILT_PRODUCTS_DIR; };
		AA49927524FAE6AD008301A2 /* locationv2Tests.swift */ = {isa = PBXFileReference; lastKnownFileType = sourcecode.swift; path = locationv2Tests.swift; sourceTree = "<group>"; };
		AA49927724FAE6AD008301A2 /* Info.plist */ = {isa = PBXFileReference; lastKnownFileType = text.plist.xml; path = Info.plist; sourceTree = "<group>"; };
		AA49927C24FAE6AD008301A2 /* locationv2UITests.xctest */ = {isa = PBXFileReference; explicitFileType = wrapper.cfbundle; includeInIndex = 0; path = locationv2UITests.xctest; sourceTree = BUILT_PRODUCTS_DIR; };
		AA49928024FAE6AD008301A2 /* locationv2UITests.swift */ = {isa = PBXFileReference; lastKnownFileType = sourcecode.swift; path = locationv2UITests.swift; sourceTree = "<group>"; };
		AA49928224FAE6AD008301A2 /* Info.plist */ = {isa = PBXFileReference; lastKnownFileType = text.plist.xml; path = Info.plist; sourceTree = "<group>"; };
		AA4992B424FB2F97008301A2 /* locationv2.xcdatamodel */ = {isa = PBXFileReference; lastKnownFileType = wrapper.xcdatamodel; path = locationv2.xcdatamodel; sourceTree = "<group>"; };
		AA4992B624FB3105008301A2 /* CoreData.framework */ = {isa = PBXFileReference; lastKnownFileType = wrapper.framework; name = CoreData.framework; path = System/Library/Frameworks/CoreData.framework; sourceTree = SDKROOT; };
		AA4992B824FB3127008301A2 /* Pods_locationv2.framework */ = {isa = PBXFileReference; explicitFileType = wrapper.framework; path = Pods_locationv2.framework; sourceTree = BUILT_PRODUCTS_DIR; };
		AA4992BC24FB3A2B008301A2 /* StoryboardSupport.swift */ = {isa = PBXFileReference; lastKnownFileType = sourcecode.swift; path = StoryboardSupport.swift; sourceTree = "<group>"; };
		AA4992BE24FB4EC2008301A2 /* NewViewController.swift */ = {isa = PBXFileReference; lastKnownFileType = sourcecode.swift; path = NewViewController.swift; sourceTree = "<group>"; };
		AA4992C224FB5C82008301A2 /* FormatDisplay.swift */ = {isa = PBXFileReference; lastKnownFileType = sourcecode.swift; path = FormatDisplay.swift; sourceTree = "<group>"; };
		AA4992C424FB5CF7008301A2 /* UnitExtensions.swift */ = {isa = PBXFileReference; lastKnownFileType = sourcecode.swift; path = UnitExtensions.swift; sourceTree = "<group>"; };
		AA4992C624FB64BD008301A2 /* RunViewController.swift */ = {isa = PBXFileReference; lastKnownFileType = sourcecode.swift; path = RunViewController.swift; sourceTree = "<group>"; };
		AA4992C824FB7483008301A2 /* MapKit.framework */ = {isa = PBXFileReference; lastKnownFileType = wrapper.framework; name = MapKit.framework; path = System/Library/Frameworks/MapKit.framework; sourceTree = SDKROOT; };
		B952C7265FA612EA5B5506B9 /* Pods-locationv2.debug.xcconfig */ = {isa = PBXFileReference; includeInIndex = 1; lastKnownFileType = text.xcconfig; name = "Pods-locationv2.debug.xcconfig"; path = "Target Support Files/Pods-locationv2/Pods-locationv2.debug.xcconfig"; sourceTree = "<group>"; };
		E6F97A3EC88034C40745CE6E /* Pods-locationv2-locationv2UITests.release.xcconfig */ = {isa = PBXFileReference; includeInIndex = 1; lastKnownFileType = text.xcconfig; name = "Pods-locationv2-locationv2UITests.release.xcconfig"; path = "Target Support Files/Pods-locationv2-locationv2UITests/Pods-locationv2-locationv2UITests.release.xcconfig"; sourceTree = "<group>"; };
		FA12AAF63BB3009897AA27EA /* Pods_locationv2_locationv2UITests.framework */ = {isa = PBXFileReference; explicitFileType = wrapper.framework; includeInIndex = 0; path = Pods_locationv2_locationv2UITests.framework; sourceTree = BUILT_PRODUCTS_DIR; };
/* End PBXFileReference section */

/* Begin PBXFrameworksBuildPhase section */
		AA49925824FAE6A9008301A2 /* Frameworks */ = {
			isa = PBXFrameworksBuildPhase;
			buildActionMask = 2147483647;
			files = (
				AA4992C924FB7484008301A2 /* MapKit.framework in Frameworks */,
				AA4992B724FB3105008301A2 /* CoreData.framework in Frameworks */,
				D494275F411586D7A35BA8AF /* Pods_locationv2.framework in Frameworks */,
			);
			runOnlyForDeploymentPostprocessing = 0;
		};
		AA49926E24FAE6AD008301A2 /* Frameworks */ = {
			isa = PBXFrameworksBuildPhase;
			buildActionMask = 2147483647;
			files = (
				767E8ED7EC80B8BBA2C7E892 /* Pods_locationv2Tests.framework in Frameworks */,
			);
			runOnlyForDeploymentPostprocessing = 0;
		};
		AA49927924FAE6AD008301A2 /* Frameworks */ = {
			isa = PBXFrameworksBuildPhase;
			buildActionMask = 2147483647;
			files = (
				2CBA416E4F0EA317E9D61620 /* Pods_locationv2_locationv2UITests.framework in Frameworks */,
			);
			runOnlyForDeploymentPostprocessing = 0;
		};
/* End PBXFrameworksBuildPhase section */

/* Begin PBXGroup section */
		62AC848557B90ABBD90498D7 /* Pods */ = {
			isa = PBXGroup;
			children = (
				B952C7265FA612EA5B5506B9 /* Pods-locationv2.debug.xcconfig */,
				43ADCD942558A5856726D6A7 /* Pods-locationv2.release.xcconfig */,
				A9A0175C75698DEA603ABBFA /* Pods-locationv2-locationv2UITests.debug.xcconfig */,
				E6F97A3EC88034C40745CE6E /* Pods-locationv2-locationv2UITests.release.xcconfig */,
				2499EDB666259D59A9E22284 /* Pods-locationv2Tests.debug.xcconfig */,
				11BE6B6791C35E894BD3F1EC /* Pods-locationv2Tests.release.xcconfig */,
			);
			path = Pods;
			sourceTree = "<group>";
		};
		92D0F8AAE963FCED0549FBAD /* Frameworks */ = {
			isa = PBXGroup;
			children = (
				AA4992C824FB7483008301A2 /* MapKit.framework */,
				AA4992B824FB3127008301A2 /* Pods_locationv2.framework */,
				AA4992B624FB3105008301A2 /* CoreData.framework */,
				3787048C252E85036D43E800 /* Pods_locationv2.framework */,
				FA12AAF63BB3009897AA27EA /* Pods_locationv2_locationv2UITests.framework */,
				75CBE7EEE109091BBF34BE14 /* Pods_locationv2Tests.framework */,
			);
			name = Frameworks;
			sourceTree = "<group>";
		};
		AA49925224FAE6A9008301A2 = {
			isa = PBXGroup;
			children = (
				AA49925D24FAE6A9008301A2 /* locationv2 */,
				AA49927424FAE6AD008301A2 /* locationv2Tests */,
				AA49927F24FAE6AD008301A2 /* locationv2UITests */,
				AA49925C24FAE6A9008301A2 /* Products */,
				62AC848557B90ABBD90498D7 /* Pods */,
				92D0F8AAE963FCED0549FBAD /* Frameworks */,
			);
			sourceTree = "<group>";
		};
		AA49925C24FAE6A9008301A2 /* Products */ = {
			isa = PBXGroup;
			children = (
				AA49925B24FAE6A9008301A2 /* locationv2.app */,
				AA49927124FAE6AD008301A2 /* locationv2Tests.xctest */,
				AA49927C24FAE6AD008301A2 /* locationv2UITests.xctest */,
			);
			name = Products;
			sourceTree = "<group>";
		};
		AA49925D24FAE6A9008301A2 /* locationv2 */ = {
			isa = PBXGroup;
			children = (
				AA49925E24FAE6A9008301A2 /* AppDelegate.swift */,
				AA4992C224FB5C82008301A2 /* FormatDisplay.swift */,
				AA4992B324FB2F97008301A2 /* locationv2.xcdatamodeld */,
				AA49926024FAE6A9008301A2 /* SceneDelegate.swift */,
				AA4992C624FB64BD008301A2 /* RunViewController.swift */,
				AA4992BE24FB4EC2008301A2 /* NewViewController.swift */,
				AA49926424FAE6A9008301A2 /* Main.storyboard */,
				AA49926724FAE6AC008301A2 /* Assets.xcassets */,
				AA49926924FAE6AC008301A2 /* LaunchScreen.storyboard */,
				AA49926C24FAE6AC008301A2 /* Info.plist */,
				AA4992BC24FB3A2B008301A2 /* StoryboardSupport.swift */,
				AA4992C424FB5CF7008301A2 /* UnitExtensions.swift */,
			);
			path = locationv2;
			sourceTree = "<group>";
		};
		AA49927424FAE6AD008301A2 /* locationv2Tests */ = {
			isa = PBXGroup;
			children = (
				AA49927524FAE6AD008301A2 /* locationv2Tests.swift */,
				AA49927724FAE6AD008301A2 /* Info.plist */,
			);
			path = locationv2Tests;
			sourceTree = "<group>";
		};
		AA49927F24FAE6AD008301A2 /* locationv2UITests */ = {
			isa = PBXGroup;
			children = (
				AA49928024FAE6AD008301A2 /* locationv2UITests.swift */,
				AA49928224FAE6AD008301A2 /* Info.plist */,
			);
			path = locationv2UITests;
			sourceTree = "<group>";
		};
/* End PBXGroup section */

/* Begin PBXNativeTarget section */
		AA49925A24FAE6A9008301A2 /* locationv2 */ = {
			isa = PBXNativeTarget;
			buildConfigurationList = AA49928524FAE6AD008301A2 /* Build configuration list for PBXNativeTarget "locationv2" */;
			buildPhases = (
				20F25BF8482540E4AAD11AD0 /* [CP] Check Pods Manifest.lock */,
				AA49925724FAE6A9008301A2 /* Sources */,
				AA49925824FAE6A9008301A2 /* Frameworks */,
				AA49925924FAE6A9008301A2 /* Resources */,
			);
			buildRules = (
			);
			dependencies = (
			);
			name = locationv2;
			productName = locationv2;
			productReference = AA49925B24FAE6A9008301A2 /* locationv2.app */;
			productType = "com.apple.product-type.application";
		};
		AA49927024FAE6AD008301A2 /* locationv2Tests */ = {
			isa = PBXNativeTarget;
			buildConfigurationList = AA49928824FAE6AD008301A2 /* Build configuration list for PBXNativeTarget "locationv2Tests" */;
			buildPhases = (
				69FBC26B7820DA291C725749 /* [CP] Check Pods Manifest.lock */,
				AA49926D24FAE6AD008301A2 /* Sources */,
				AA49926E24FAE6AD008301A2 /* Frameworks */,
				AA49926F24FAE6AD008301A2 /* Resources */,
			);
			buildRules = (
			);
			dependencies = (
				AA49927324FAE6AD008301A2 /* PBXTargetDependency */,
			);
			name = locationv2Tests;
			productName = locationv2Tests;
			productReference = AA49927124FAE6AD008301A2 /* locationv2Tests.xctest */;
			productType = "com.apple.product-type.bundle.unit-test";
		};
		AA49927B24FAE6AD008301A2 /* locationv2UITests */ = {
			isa = PBXNativeTarget;
			buildConfigurationList = AA49928B24FAE6AD008301A2 /* Build configuration list for PBXNativeTarget "locationv2UITests" */;
			buildPhases = (
				7E6D482AA82582D1F2E166AB /* [CP] Check Pods Manifest.lock */,
				AA49927824FAE6AD008301A2 /* Sources */,
				AA49927924FAE6AD008301A2 /* Frameworks */,
				AA49927A24FAE6AD008301A2 /* Resources */,
			);
			buildRules = (
			);
			dependencies = (
				AA49927E24FAE6AD008301A2 /* PBXTargetDependency */,
			);
			name = locationv2UITests;
			productName = locationv2UITests;
			productReference = AA49927C24FAE6AD008301A2 /* locationv2UITests.xctest */;
			productType = "com.apple.product-type.bundle.ui-testing";
		};
/* End PBXNativeTarget section */

/* Begin PBXProject section */
		AA49925324FAE6A9008301A2 /* Project object */ = {
			isa = PBXProject;
			attributes = {
				LastSwiftUpdateCheck = 1160;
				LastUpgradeCheck = 1160;
				ORGANIZATIONNAME = "Samantha 2";
				TargetAttributes = {
					AA49925A24FAE6A9008301A2 = {
						CreatedOnToolsVersion = 11.6;
					};
					AA49927024FAE6AD008301A2 = {
						CreatedOnToolsVersion = 11.6;
						TestTargetID = AA49925A24FAE6A9008301A2;
					};
					AA49927B24FAE6AD008301A2 = {
						CreatedOnToolsVersion = 11.6;
						TestTargetID = AA49925A24FAE6A9008301A2;
					};
				};
			};
			buildConfigurationList = AA49925624FAE6A9008301A2 /* Build configuration list for PBXProject "locationv2" */;
			compatibilityVersion = "Xcode 9.3";
			developmentRegion = en;
			hasScannedForEncodings = 0;
			knownRegions = (
				en,
				Base,
			);
			mainGroup = AA49925224FAE6A9008301A2;
			productRefGroup = AA49925C24FAE6A9008301A2 /* Products */;
			projectDirPath = "";
			projectRoot = "";
			targets = (
				AA49925A24FAE6A9008301A2 /* locationv2 */,
				AA49927024FAE6AD008301A2 /* locationv2Tests */,
				AA49927B24FAE6AD008301A2 /* locationv2UITests */,
			);
		};
/* End PBXProject section */

/* Begin PBXResourcesBuildPhase section */
		AA49925924FAE6A9008301A2 /* Resources */ = {
			isa = PBXResourcesBuildPhase;
			buildActionMask = 2147483647;
			files = (
				AA49926B24FAE6AC008301A2 /* LaunchScreen.storyboard in Resources */,
				AA49926824FAE6AC008301A2 /* Assets.xcassets in Resources */,
				AA49926624FAE6A9008301A2 /* Main.storyboard in Resources */,
			);
			runOnlyForDeploymentPostprocessing = 0;
		};
		AA49926F24FAE6AD008301A2 /* Resources */ = {
			isa = PBXResourcesBuildPhase;
			buildActionMask = 2147483647;
			files = (
			);
			runOnlyForDeploymentPostprocessing = 0;
		};
		AA49927A24FAE6AD008301A2 /* Resources */ = {
			isa = PBXResourcesBuildPhase;
			buildActionMask = 2147483647;
			files = (
			);
			runOnlyForDeploymentPostprocessing = 0;
		};
/* End PBXResourcesBuildPhase section */

/* Begin PBXShellScriptBuildPhase section */
		20F25BF8482540E4AAD11AD0 /* [CP] Check Pods Manifest.lock */ = {
			isa = PBXShellScriptBuildPhase;
			buildActionMask = 2147483647;
			files = (
			);
			inputFileListPaths = (
			);
			inputPaths = (
				"${PODS_PODFILE_DIR_PATH}/Podfile.lock",
				"${PODS_ROOT}/Manifest.lock",
			);
			name = "[CP] Check Pods Manifest.lock";
			outputFileListPaths = (
			);
			outputPaths = (
				"$(DERIVED_FILE_DIR)/Pods-locationv2-checkManifestLockResult.txt",
			);
			runOnlyForDeploymentPostprocessing = 0;
			shellPath = /bin/sh;
			shellScript = "diff \"${PODS_PODFILE_DIR_PATH}/Podfile.lock\" \"${PODS_ROOT}/Manifest.lock\" > /dev/null\nif [ $? != 0 ] ; then\n    # print error to STDERR\n    echo \"error: The sandbox is not in sync with the Podfile.lock. Run 'pod install' or update your CocoaPods installation.\" >&2\n    exit 1\nfi\n# This output is used by Xcode 'outputs' to avoid re-running this script phase.\necho \"SUCCESS\" > \"${SCRIPT_OUTPUT_FILE_0}\"\n";
			showEnvVarsInLog = 0;
		};
		69FBC26B7820DA291C725749 /* [CP] Check Pods Manifest.lock */ = {
			isa = PBXShellScriptBuildPhase;
			buildActionMask = 2147483647;
			files = (
			);
			inputFileListPaths = (
			);
			inputPaths = (
				"${PODS_PODFILE_DIR_PATH}/Podfile.lock",
				"${PODS_ROOT}/Manifest.lock",
			);
			name = "[CP] Check Pods Manifest.lock";
			outputFileListPaths = (
			);
			outputPaths = (
				"$(DERIVED_FILE_DIR)/Pods-locationv2Tests-checkManifestLockResult.txt",
			);
			runOnlyForDeploymentPostprocessing = 0;
			shellPath = /bin/sh;
			shellScript = "diff \"${PODS_PODFILE_DIR_PATH}/Podfile.lock\" \"${PODS_ROOT}/Manifest.lock\" > /dev/null\nif [ $? != 0 ] ; then\n    # print error to STDERR\n    echo \"error: The sandbox is not in sync with the Podfile.lock. Run 'pod install' or update your CocoaPods installation.\" >&2\n    exit 1\nfi\n# This output is used by Xcode 'outputs' to avoid re-running this script phase.\necho \"SUCCESS\" > \"${SCRIPT_OUTPUT_FILE_0}\"\n";
			showEnvVarsInLog = 0;
		};
		7E6D482AA82582D1F2E166AB /* [CP] Check Pods Manifest.lock */ = {
			isa = PBXShellScriptBuildPhase;
			buildActionMask = 2147483647;
			files = (
			);
			inputFileListPaths = (
			);
			inputPaths = (
				"${PODS_PODFILE_DIR_PATH}/Podfile.lock",
				"${PODS_ROOT}/Manifest.lock",
			);
			name = "[CP] Check Pods Manifest.lock";
			outputFileListPaths = (
			);
			outputPaths = (
				"$(DERIVED_FILE_DIR)/Pods-locationv2-locationv2UITests-checkManifestLockResult.txt",
			);
			runOnlyForDeploymentPostprocessing = 0;
			shellPath = /bin/sh;
			shellScript = "diff \"${PODS_PODFILE_DIR_PATH}/Podfile.lock\" \"${PODS_ROOT}/Manifest.lock\" > /dev/null\nif [ $? != 0 ] ; then\n    # print error to STDERR\n    echo \"error: The sandbox is not in sync with the Podfile.lock. Run 'pod install' or update your CocoaPods installation.\" >&2\n    exit 1\nfi\n# This output is used by Xcode 'outputs' to avoid re-running this script phase.\necho \"SUCCESS\" > \"${SCRIPT_OUTPUT_FILE_0}\"\n";
			showEnvVarsInLog = 0;
		};
/* End PBXShellScriptBuildPhase section */

/* Begin PBXSourcesBuildPhase section */
		AA49925724FAE6A9008301A2 /* Sources */ = {
			isa = PBXSourcesBuildPhase;
			buildActionMask = 2147483647;
			files = (
				AA4992B524FB2F97008301A2 /* locationv2.xcdatamodeld in Sources */,
				AA4992BF24FB4EC2008301A2 /* NewViewController.swift in Sources */,
				AA4992BD24FB3A2B008301A2 /* StoryboardSupport.swift in Sources */,
				AA4992C724FB64BD008301A2 /* RunViewController.swift in Sources */,
				AA4992C324FB5C82008301A2 /* FormatDisplay.swift in Sources */,
				AA49925F24FAE6A9008301A2 /* AppDelegate.swift in Sources */,
				AA4992C524FB5CF7008301A2 /* UnitExtensions.swift in Sources */,
				AA49926124FAE6A9008301A2 /* SceneDelegate.swift in Sources */,
			);
			runOnlyForDeploymentPostprocessing = 0;
		};
		AA49926D24FAE6AD008301A2 /* Sources */ = {
			isa = PBXSourcesBuildPhase;
			buildActionMask = 2147483647;
			files = (
				AA49927624FAE6AD008301A2 /* locationv2Tests.swift in Sources */,
			);
			runOnlyForDeploymentPostprocessing = 0;
		};
		AA49927824FAE6AD008301A2 /* Sources */ = {
			isa = PBXSourcesBuildPhase;
			buildActionMask = 2147483647;
			files = (
				AA49928124FAE6AD008301A2 /* locationv2UITests.swift in Sources */,
			);
			runOnlyForDeploymentPostprocessing = 0;
		};
/* End PBXSourcesBuildPhase section */

/* Begin PBXTargetDependency section */
		AA49927324FAE6AD008301A2 /* PBXTargetDependency */ = {
			isa = PBXTargetDependency;
			target = AA49925A24FAE6A9008301A2 /* locationv2 */;
			targetProxy = AA49927224FAE6AD008301A2 /* PBXContainerItemProxy */;
		};
		AA49927E24FAE6AD008301A2 /* PBXTargetDependency */ = {
			isa = PBXTargetDependency;
			target = AA49925A24FAE6A9008301A2 /* locationv2 */;
			targetProxy = AA49927D24FAE6AD008301A2 /* PBXContainerItemProxy */;
		};
/* End PBXTargetDependency section */

/* Begin PBXVariantGroup section */
		AA49926424FAE6A9008301A2 /* Main.storyboard */ = {
			isa = PBXVariantGroup;
			children = (
				AA49926524FAE6A9008301A2 /* Base */,
			);
			name = Main.storyboard;
			sourceTree = "<group>";
		};
		AA49926924FAE6AC008301A2 /* LaunchScreen.storyboard */ = {
			isa = PBXVariantGroup;
			children = (
				AA49926A24FAE6AC008301A2 /* Base */,
			);
			name = LaunchScreen.storyboard;
			sourceTree = "<group>";
		};
/* End PBXVariantGroup section */

/* Begin XCBuildConfiguration section */
		AA49928324FAE6AD008301A2 /* Debug */ = {
			isa = XCBuildConfiguration;
			buildSettings = {
				ALWAYS_SEARCH_USER_PATHS = NO;
				CLANG_ANALYZER_NONNULL = YES;
				CLANG_ANALYZER_NUMBER_OBJECT_CONVERSION = YES_AGGRESSIVE;
				CLANG_CXX_LANGUAGE_STANDARD = "gnu++14";
				CLANG_CXX_LIBRARY = "libc++";
				CLANG_ENABLE_MODULES = YES;
				CLANG_ENABLE_OBJC_ARC = YES;
				CLANG_ENABLE_OBJC_WEAK = YES;
				CLANG_WARN_BLOCK_CAPTURE_AUTORELEASING = YES;
				CLANG_WARN_BOOL_CONVERSION = YES;
				CLANG_WARN_COMMA = YES;
				CLANG_WARN_CONSTANT_CONVERSION = YES;
				CLANG_WARN_DEPRECATED_OBJC_IMPLEMENTATIONS = YES;
				CLANG_WARN_DIRECT_OBJC_ISA_USAGE = YES_ERROR;
				CLANG_WARN_DOCUMENTATION_COMMENTS = YES;
				CLANG_WARN_EMPTY_BODY = YES;
				CLANG_WARN_ENUM_CONVERSION = YES;
				CLANG_WARN_INFINITE_RECURSION = YES;
				CLANG_WARN_INT_CONVERSION = YES;
				CLANG_WARN_NON_LITERAL_NULL_CONVERSION = YES;
				CLANG_WARN_OBJC_IMPLICIT_RETAIN_SELF = YES;
				CLANG_WARN_OBJC_LITERAL_CONVERSION = YES;
				CLANG_WARN_OBJC_ROOT_CLASS = YES_ERROR;
				CLANG_WARN_RANGE_LOOP_ANALYSIS = YES;
				CLANG_WARN_STRICT_PROTOTYPES = YES;
				CLANG_WARN_SUSPICIOUS_MOVE = YES;
				CLANG_WARN_UNGUARDED_AVAILABILITY = YES_AGGRESSIVE;
				CLANG_WARN_UNREACHABLE_CODE = YES;
				CLANG_WARN__DUPLICATE_METHOD_MATCH = YES;
				COPY_PHASE_STRIP = NO;
				DEBUG_INFORMATION_FORMAT = dwarf;
				ENABLE_STRICT_OBJC_MSGSEND = YES;
				ENABLE_TESTABILITY = YES;
				GCC_C_LANGUAGE_STANDARD = gnu11;
				GCC_DYNAMIC_NO_PIC = NO;
				GCC_NO_COMMON_BLOCKS = YES;
				GCC_OPTIMIZATION_LEVEL = 0;
				GCC_PREPROCESSOR_DEFINITIONS = (
					"DEBUG=1",
					"$(inherited)",
				);
				GCC_WARN_64_TO_32_BIT_CONVERSION = YES;
				GCC_WARN_ABOUT_RETURN_TYPE = YES_ERROR;
				GCC_WARN_UNDECLARED_SELECTOR = YES;
				GCC_WARN_UNINITIALIZED_AUTOS = YES_AGGRESSIVE;
				GCC_WARN_UNUSED_FUNCTION = YES;
				GCC_WARN_UNUSED_VARIABLE = YES;
				IPHONEOS_DEPLOYMENT_TARGET = 13.6;
				MTL_ENABLE_DEBUG_INFO = INCLUDE_SOURCE;
				MTL_FAST_MATH = YES;
				ONLY_ACTIVE_ARCH = YES;
				SDKROOT = iphoneos;
				SWIFT_ACTIVE_COMPILATION_CONDITIONS = DEBUG;
				SWIFT_OPTIMIZATION_LEVEL = "-Onone";
			};
			name = Debug;
		};
		AA49928424FAE6AD008301A2 /* Release */ = {
			isa = XCBuildConfiguration;
			buildSettings = {
				ALWAYS_SEARCH_USER_PATHS = NO;
				CLANG_ANALYZER_NONNULL = YES;
				CLANG_ANALYZER_NUMBER_OBJECT_CONVERSION = YES_AGGRESSIVE;
				CLANG_CXX_LANGUAGE_STANDARD = "gnu++14";
				CLANG_CXX_LIBRARY = "libc++";
				CLANG_ENABLE_MODULES = YES;
				CLANG_ENABLE_OBJC_ARC = YES;
				CLANG_ENABLE_OBJC_WEAK = YES;
				CLANG_WARN_BLOCK_CAPTURE_AUTORELEASING = YES;
				CLANG_WARN_BOOL_CONVERSION = YES;
				CLANG_WARN_COMMA = YES;
				CLANG_WARN_CONSTANT_CONVERSION = YES;
				CLANG_WARN_DEPRECATED_OBJC_IMPLEMENTATIONS = YES;
				CLANG_WARN_DIRECT_OBJC_ISA_USAGE = YES_ERROR;
				CLANG_WARN_DOCUMENTATION_COMMENTS = YES;
				CLANG_WARN_EMPTY_BODY = YES;
				CLANG_WARN_ENUM_CONVERSION = YES;
				CLANG_WARN_INFINITE_RECURSION = YES;
				CLANG_WARN_INT_CONVERSION = YES;
				CLANG_WARN_NON_LITERAL_NULL_CONVERSION = YES;
				CLANG_WARN_OBJC_IMPLICIT_RETAIN_SELF = YES;
				CLANG_WARN_OBJC_LITERAL_CONVERSION = YES;
				CLANG_WARN_OBJC_ROOT_CLASS = YES_ERROR;
				CLANG_WARN_RANGE_LOOP_ANALYSIS = YES;
				CLANG_WARN_STRICT_PROTOTYPES = YES;
				CLANG_WARN_SUSPICIOUS_MOVE = YES;
				CLANG_WARN_UNGUARDED_AVAILABILITY = YES_AGGRESSIVE;
				CLANG_WARN_UNREACHABLE_CODE = YES;
				CLANG_WARN__DUPLICATE_METHOD_MATCH = YES;
				COPY_PHASE_STRIP = NO;
				DEBUG_INFORMATION_FORMAT = "dwarf-with-dsym";
				ENABLE_NS_ASSERTIONS = NO;
				ENABLE_STRICT_OBJC_MSGSEND = YES;
				GCC_C_LANGUAGE_STANDARD = gnu11;
				GCC_NO_COMMON_BLOCKS = YES;
				GCC_WARN_64_TO_32_BIT_CONVERSION = YES;
				GCC_WARN_ABOUT_RETURN_TYPE = YES_ERROR;
				GCC_WARN_UNDECLARED_SELECTOR = YES;
				GCC_WARN_UNINITIALIZED_AUTOS = YES_AGGRESSIVE;
				GCC_WARN_UNUSED_FUNCTION = YES;
				GCC_WARN_UNUSED_VARIABLE = YES;
				IPHONEOS_DEPLOYMENT_TARGET = 13.6;
				MTL_ENABLE_DEBUG_INFO = NO;
				MTL_FAST_MATH = YES;
				SDKROOT = iphoneos;
				SWIFT_COMPILATION_MODE = wholemodule;
				SWIFT_OPTIMIZATION_LEVEL = "-O";
				VALIDATE_PRODUCT = YES;
			};
			name = Release;
		};
		AA49928624FAE6AD008301A2 /* Debug */ = {
			isa = XCBuildConfiguration;
			baseConfigurationReference = B952C7265FA612EA5B5506B9 /* Pods-locationv2.debug.xcconfig */;
			buildSettings = {
				ASSETCATALOG_COMPILER_APPICON_NAME = AppIcon;
				CODE_SIGN_STYLE = Automatic;
				DEVELOPMENT_TEAM = 5MR79M3B3U;
				INFOPLIST_FILE = locationv2/Info.plist;
				LD_RUNPATH_SEARCH_PATHS = (
					"$(inherited)",
					"@executable_path/Frameworks",
				);
				PRODUCT_BUNDLE_IDENTIFIER = com.samantharasnic.locationv2.locationv2;
				PRODUCT_NAME = "$(TARGET_NAME)";
				SWIFT_VERSION = 5.0;
				TARGETED_DEVICE_FAMILY = 1;
			};
			name = Debug;
		};
		AA49928724FAE6AD008301A2 /* Release */ = {
			isa = XCBuildConfiguration;
			baseConfigurationReference = 43ADCD942558A5856726D6A7 /* Pods-locationv2.release.xcconfig */;
			buildSettings = {
				ASSETCATALOG_COMPILER_APPICON_NAME = AppIcon;
				CODE_SIGN_STYLE = Automatic;
				DEVELOPMENT_TEAM = 5MR79M3B3U;
				INFOPLIST_FILE = locationv2/Info.plist;
				LD_RUNPATH_SEARCH_PATHS = (
					"$(inherited)",
					"@executable_path/Frameworks",
				);
				PRODUCT_BUNDLE_IDENTIFIER = com.samantharasnic.locationv2.locationv2;
				PRODUCT_NAME = "$(TARGET_NAME)";
				SWIFT_VERSION = 5.0;
				TARGETED_DEVICE_FAMILY = 1;
			};
			name = Release;
		};
		AA49928924FAE6AD008301A2 /* Debug */ = {
			isa = XCBuildConfiguration;
			baseConfigurationReference = 2499EDB666259D59A9E22284 /* Pods-locationv2Tests.debug.xcconfig */;
			buildSettings = {
				ALWAYS_EMBED_SWIFT_STANDARD_LIBRARIES = YES;
				BUNDLE_LOADER = "$(TEST_HOST)";
				CODE_SIGN_STYLE = Automatic;
				DEVELOPMENT_TEAM = 5MR79M3B3U;
				INFOPLIST_FILE = locationv2Tests/Info.plist;
				IPHONEOS_DEPLOYMENT_TARGET = 13.6;
				LD_RUNPATH_SEARCH_PATHS = (
					"$(inherited)",
					"@executable_path/Frameworks",
					"@loader_path/Frameworks",
				);
				PRODUCT_BUNDLE_IDENTIFIER = com.samantharasnic.locationv2.locationv2Tests;
				PRODUCT_NAME = "$(TARGET_NAME)";
				SWIFT_VERSION = 5.0;
				TARGETED_DEVICE_FAMILY = "1,2";
				TEST_HOST = "$(BUILT_PRODUCTS_DIR)/locationv2.app/locationv2";
			};
			name = Debug;
		};
		AA49928A24FAE6AD008301A2 /* Release */ = {
			isa = XCBuildConfiguration;
			baseConfigurationReference = 11BE6B6791C35E894BD3F1EC /* Pods-locationv2Tests.release.xcconfig */;
			buildSettings = {
				ALWAYS_EMBED_SWIFT_STANDARD_LIBRARIES = YES;
				BUNDLE_LOADER = "$(TEST_HOST)";
				CODE_SIGN_STYLE = Automatic;
				DEVELOPMENT_TEAM = 5MR79M3B3U;
				INFOPLIST_FILE = locationv2Tests/Info.plist;
				IPHONEOS_DEPLOYMENT_TARGET = 13.6;
				LD_RUNPATH_SEARCH_PATHS = (
					"$(inherited)",
					"@executable_path/Frameworks",
					"@loader_path/Frameworks",
				);
				PRODUCT_BUNDLE_IDENTIFIER = com.samantharasnic.locationv2.locationv2Tests;
				PRODUCT_NAME = "$(TARGET_NAME)";
				SWIFT_VERSION = 5.0;
				TARGETED_DEVICE_FAMILY = "1,2";
				TEST_HOST = "$(BUILT_PRODUCTS_DIR)/locationv2.app/locationv2";
			};
			name = Release;
		};
		AA49928C24FAE6AD008301A2 /* Debug */ = {
			isa = XCBuildConfiguration;
			baseConfigurationReference = A9A0175C75698DEA603ABBFA /* Pods-locationv2-locationv2UITests.debug.xcconfig */;
			buildSettings = {
				ALWAYS_EMBED_SWIFT_STANDARD_LIBRARIES = YES;
				CODE_SIGN_STYLE = Automatic;
				DEVELOPMENT_TEAM = 5MR79M3B3U;
				INFOPLIST_FILE = locationv2UITests/Info.plist;
				LD_RUNPATH_SEARCH_PATHS = (
					"$(inherited)",
					"@executable_path/Frameworks",
					"@loader_path/Frameworks",
				);
				PRODUCT_BUNDLE_IDENTIFIER = com.samantharasnic.locationv2.locationv2UITests;
				PRODUCT_NAME = "$(TARGET_NAME)";
				SWIFT_VERSION = 5.0;
				TARGETED_DEVICE_FAMILY = "1,2";
				TEST_TARGET_NAME = locationv2;
			};
			name = Debug;
		};
		AA49928D24FAE6AD008301A2 /* Release */ = {
			isa = XCBuildConfiguration;
			baseConfigurationReference = E6F97A3EC88034C40745CE6E /* Pods-locationv2-locationv2UITests.release.xcconfig */;
			buildSettings = {
				ALWAYS_EMBED_SWIFT_STANDARD_LIBRARIES = YES;
				CODE_SIGN_STYLE = Automatic;
				DEVELOPMENT_TEAM = 5MR79M3B3U;
				INFOPLIST_FILE = locationv2UITests/Info.plist;
				LD_RUNPATH_SEARCH_PATHS = (
					"$(inherited)",
					"@executable_path/Frameworks",
					"@loader_path/Frameworks",
				);
				PRODUCT_BUNDLE_IDENTIFIER = com.samantharasnic.locationv2.locationv2UITests;
				PRODUCT_NAME = "$(TARGET_NAME)";
				SWIFT_VERSION = 5.0;
				TARGETED_DEVICE_FAMILY = "1,2";
				TEST_TARGET_NAME = locationv2;
			};
			name = Release;
		};
/* End XCBuildConfiguration section */

/* Begin XCConfigurationList section */
		AA49925624FAE6A9008301A2 /* Build configuration list for PBXProject "locationv2" */ = {
			isa = XCConfigurationList;
			buildConfigurations = (
				AA49928324FAE6AD008301A2 /* Debug */,
				AA49928424FAE6AD008301A2 /* Release */,
			);
			defaultConfigurationIsVisible = 0;
			defaultConfigurationName = Release;
		};
		AA49928524FAE6AD008301A2 /* Build configuration list for PBXNativeTarget "locationv2" */ = {
			isa = XCConfigurationList;
			buildConfigurations = (
				AA49928624FAE6AD008301A2 /* Debug */,
				AA49928724FAE6AD008301A2 /* Release */,
			);
			defaultConfigurationIsVisible = 0;
			defaultConfigurationName = Release;
		};
		AA49928824FAE6AD008301A2 /* Build configuration list for PBXNativeTarget "locationv2Tests" */ = {
			isa = XCConfigurationList;
			buildConfigurations = (
				AA49928924FAE6AD008301A2 /* Debug */,
				AA49928A24FAE6AD008301A2 /* Release */,
			);
			defaultConfigurationIsVisible = 0;
			defaultConfigurationName = Release;
		};
		AA49928B24FAE6AD008301A2 /* Build configuration list for PBXNativeTarget "locationv2UITests" */ = {
			isa = XCConfigurationList;
			buildConfigurations = (
				AA49928C24FAE6AD008301A2 /* Debug */,
				AA49928D24FAE6AD008301A2 /* Release */,
			);
			defaultConfigurationIsVisible = 0;
			defaultConfigurationName = Release;
		};
/* End XCConfigurationList section */

/* Begin XCVersionGroup section */
		AA4992B324FB2F97008301A2 /* locationv2.xcdatamodeld */ = {
			isa = XCVersionGroup;
			children = (
				AA4992B424FB2F97008301A2 /* locationv2.xcdatamodel */,
			);
			currentVersion = AA4992B424FB2F97008301A2 /* locationv2.xcdatamodel */;
			path = locationv2.xcdatamodeld;
			sourceTree = "<group>";
			versionGroupType = wrapper.xcdatamodel;
		};
/* End XCVersionGroup section */
	};
	rootObject = AA49925324FAE6A9008301A2 /* Project object */;
}
